// !$*UTF8*$!
{
	archiveVersion = 1;
	classes = {
	};
	objectVersion = 46;
	objects = {

/* Begin PBXBuildFile section */
		262E249D1E45625700CA168A /* AppDelegate.swift in Sources */ = {isa = PBXBuildFile; fileRef = 262E249C1E45625700CA168A /* AppDelegate.swift */; };
		262E24A21E45625700CA168A /* Main.storyboard in Resources */ = {isa = PBXBuildFile; fileRef = 262E24A01E45625700CA168A /* Main.storyboard */; };
		262E24A41E45625700CA168A /* Assets.xcassets in Resources */ = {isa = PBXBuildFile; fileRef = 262E24A31E45625700CA168A /* Assets.xcassets */; };
		262E24A71E45625700CA168A /* LaunchScreen.storyboard in Resources */ = {isa = PBXBuildFile; fileRef = 262E24A51E45625700CA168A /* LaunchScreen.storyboard */; };
		262E24AF1E457DF200CA168A /* GoogleService-Info.plist in Resources */ = {isa = PBXBuildFile; fileRef = 262E24AE1E457DF200CA168A /* GoogleService-Info.plist */; };
		262E24B11E4583B600CA168A /* LoginViewController.swift in Sources */ = {isa = PBXBuildFile; fileRef = 262E24B01E4583B600CA168A /* LoginViewController.swift */; };
		262E24B71E458B0300CA168A /* MainViewController.swift in Sources */ = {isa = PBXBuildFile; fileRef = 262E24B61E458B0300CA168A /* MainViewController.swift */; };
		A2A9AF3AC4BA2A8F4AB1102F /* Pods_EZDecide.framework in Frameworks */ = {isa = PBXBuildFile; fileRef = CE3B276CBA3D9D87F8867DFE /* Pods_EZDecide.framework */; };
/* End PBXBuildFile section */

/* Begin PBXFileReference section */
		262E24991E45625700CA168A /* EZDecide.app */ = {isa = PBXFileReference; explicitFileType = wrapper.application; includeInIndex = 0; path = EZDecide.app; sourceTree = BUILT_PRODUCTS_DIR; };
		262E249C1E45625700CA168A /* AppDelegate.swift */ = {isa = PBXFileReference; lastKnownFileType = sourcecode.swift; path = AppDelegate.swift; sourceTree = "<group>"; };
		262E24A11E45625700CA168A /* Base */ = {isa = PBXFileReference; lastKnownFileType = file.storyboard; name = Base; path = Base.lproj/Main.storyboard; sourceTree = "<group>"; };
		262E24A31E45625700CA168A /* Assets.xcassets */ = {isa = PBXFileReference; lastKnownFileType = folder.assetcatalog; path = Assets.xcassets; sourceTree = "<group>"; };
		262E24A61E45625700CA168A /* Base */ = {isa = PBXFileReference; lastKnownFileType = file.storyboard; name = Base; path = Base.lproj/LaunchScreen.storyboard; sourceTree = "<group>"; };
		262E24A81E45625700CA168A /* Info.plist */ = {isa = PBXFileReference; lastKnownFileType = text.plist.xml; path = Info.plist; sourceTree = "<group>"; };
		262E24AE1E457DF200CA168A /* GoogleService-Info.plist */ = {isa = PBXFileReference; fileEncoding = 4; lastKnownFileType = text.plist.xml; path = "GoogleService-Info.plist"; sourceTree = "<group>"; };
		262E24B01E4583B600CA168A /* LoginViewController.swift */ = {isa = PBXFileReference; fileEncoding = 4; lastKnownFileType = sourcecode.swift; path = LoginViewController.swift; sourceTree = "<group>"; };
		262E24B61E458B0300CA168A /* MainViewController.swift */ = {isa = PBXFileReference; fileEncoding = 4; lastKnownFileType = sourcecode.swift; path = MainViewController.swift; sourceTree = "<group>"; };
		262E24B81E459EA900CA168A /* EZDecide.entitlements */ = {isa = PBXFileReference; lastKnownFileType = text.plist.entitlements; path = EZDecide.entitlements; sourceTree = "<group>"; };
		262E24B91E459F2200CA168A /* EZDecide-Bridging-Header.h */ = {isa = PBXFileReference; lastKnownFileType = sourcecode.c.h; path = "EZDecide-Bridging-Header.h"; sourceTree = "<group>"; };
		AB73310AE838A47C61672442 /* Pods-EZDecide.debug.xcconfig */ = {isa = PBXFileReference; includeInIndex = 1; lastKnownFileType = text.xcconfig; name = "Pods-EZDecide.debug.xcconfig"; path = "Pods/Target Support Files/Pods-EZDecide/Pods-EZDecide.debug.xcconfig"; sourceTree = "<group>"; };
		C5155AE3857CCE48E1037830 /* Pods-EZDecide.release.xcconfig */ = {isa = PBXFileReference; includeInIndex = 1; lastKnownFileType = text.xcconfig; name = "Pods-EZDecide.release.xcconfig"; path = "Pods/Target Support Files/Pods-EZDecide/Pods-EZDecide.release.xcconfig"; sourceTree = "<group>"; };
		CE3B276CBA3D9D87F8867DFE /* Pods_EZDecide.framework */ = {isa = PBXFileReference; explicitFileType = wrapper.framework; includeInIndex = 0; path = Pods_EZDecide.framework; sourceTree = BUILT_PRODUCTS_DIR; };
/* End PBXFileReference section */

/* Begin PBXFrameworksBuildPhase section */
		262E24961E45625700CA168A /* Frameworks */ = {
			isa = PBXFrameworksBuildPhase;
			buildActionMask = 2147483647;
			files = (
				A2A9AF3AC4BA2A8F4AB1102F /* Pods_EZDecide.framework in Frameworks */,
			);
			runOnlyForDeploymentPostprocessing = 0;
		};
/* End PBXFrameworksBuildPhase section */

/* Begin PBXGroup section */
		14EF073BFE111A9EC78164BD /* Pods */ = {
			isa = PBXGroup;
			children = (
				AB73310AE838A47C61672442 /* Pods-EZDecide.debug.xcconfig */,
				C5155AE3857CCE48E1037830 /* Pods-EZDecide.release.xcconfig */,
			);
			name = Pods;
			sourceTree = "<group>";
		};
		262E24901E45625700CA168A = {
			isa = PBXGroup;
			children = (
				262E249B1E45625700CA168A /* EZDecide */,
				262E249A1E45625700CA168A /* Products */,
				14EF073BFE111A9EC78164BD /* Pods */,
				9BD4E963262C2A9BA65196A4 /* Frameworks */,
				262E24B91E459F2200CA168A /* EZDecide-Bridging-Header.h */,
			);
			sourceTree = "<group>";
		};
		262E249A1E45625700CA168A /* Products */ = {
			isa = PBXGroup;
			children = (
				262E24991E45625700CA168A /* EZDecide.app */,
			);
			name = Products;
			sourceTree = "<group>";
		};
		262E249B1E45625700CA168A /* EZDecide */ = {
			isa = PBXGroup;
			children = (
				262E24B81E459EA900CA168A /* EZDecide.entitlements */,
				262E249C1E45625700CA168A /* AppDelegate.swift */,
				262E24B61E458B0300CA168A /* MainViewController.swift */,
				262E24A01E45625700CA168A /* Main.storyboard */,
				262E24A31E45625700CA168A /* Assets.xcassets */,
				262E24A51E45625700CA168A /* LaunchScreen.storyboard */,
				262E24A81E45625700CA168A /* Info.plist */,
				262E24AE1E457DF200CA168A /* GoogleService-Info.plist */,
				262E24B01E4583B600CA168A /* LoginViewController.swift */,
			);
			path = EZDecide;
			sourceTree = "<group>";
		};
		9BD4E963262C2A9BA65196A4 /* Frameworks */ = {
			isa = PBXGroup;
			children = (
				CE3B276CBA3D9D87F8867DFE /* Pods_EZDecide.framework */,
			);
			name = Frameworks;
			sourceTree = "<group>";
		};
/* End PBXGroup section */

/* Begin PBXNativeTarget section */
		262E24981E45625700CA168A /* EZDecide */ = {
			isa = PBXNativeTarget;
			buildConfigurationList = 262E24AB1E45625700CA168A /* Build configuration list for PBXNativeTarget "EZDecide" */;
			buildPhases = (
				D10CE23458C94B2988DF43C4 /* [CP] Check Pods Manifest.lock */,
				262E24951E45625700CA168A /* Sources */,
				262E24961E45625700CA168A /* Frameworks */,
				262E24971E45625700CA168A /* Resources */,
				1B8BBEC2C84618F61AAFC6CD /* [CP] Embed Pods Frameworks */,
				D3CCF1D200FAE1E4049E2723 /* [CP] Copy Pods Resources */,
			);
			buildRules = (
			);
			dependencies = (
			);
			name = EZDecide;
			productName = EZDecide;
			productReference = 262E24991E45625700CA168A /* EZDecide.app */;
			productType = "com.apple.product-type.application";
		};
/* End PBXNativeTarget section */

/* Begin PBXProject section */
		262E24911E45625700CA168A /* Project object */ = {
			isa = PBXProject;
			attributes = {
				LastSwiftUpdateCheck = 0820;
				LastUpgradeCheck = 0820;
				ORGANIZATIONNAME = CodeMonkey;
				TargetAttributes = {
					262E24981E45625700CA168A = {
						CreatedOnToolsVersion = 8.2.1;
						DevelopmentTeam = UKTL25U66K;
						LastSwiftMigration = 0820;
						ProvisioningStyle = Automatic;
						SystemCapabilities = {
							com.apple.Keychain = {
								enabled = 1;
							};
						};
					};
				};
			};
			buildConfigurationList = 262E24941E45625700CA168A /* Build configuration list for PBXProject "EZDecide" */;
			compatibilityVersion = "Xcode 3.2";
			developmentRegion = English;
			hasScannedForEncodings = 0;
			knownRegions = (
				en,
				Base,
			);
			mainGroup = 262E24901E45625700CA168A;
			productRefGroup = 262E249A1E45625700CA168A /* Products */;
			projectDirPath = "";
			projectRoot = "";
			targets = (
				262E24981E45625700CA168A /* EZDecide */,
			);
		};
/* End PBXProject section */

/* Begin PBXResourcesBuildPhase section */
		262E24971E45625700CA168A /* Resources */ = {
			isa = PBXResourcesBuildPhase;
			buildActionMask = 2147483647;
			files = (
				262E24A71E45625700CA168A /* LaunchScreen.storyboard in Resources */,
				262E24AF1E457DF200CA168A /* GoogleService-Info.plist in Resources */,
				262E24A41E45625700CA168A /* Assets.xcassets in Resources */,
				262E24A21E45625700CA168A /* Main.storyboard in Resources */,
			);
			runOnlyForDeploymentPostprocessing = 0;
		};
/* End PBXResourcesBuildPhase section */

/* Begin PBXShellScriptBuildPhase section */
		1B8BBEC2C84618F61AAFC6CD /* [CP] Embed Pods Frameworks */ = {
			isa = PBXShellScriptBuildPhase;
			buildActionMask = 2147483647;
			files = (
			);
			inputPaths = (
			);
			name = "[CP] Embed Pods Frameworks";
			outputPaths = (
			);
			runOnlyForDeploymentPostprocessing = 0;
			shellPath = /bin/sh;
			shellScript = "\"${SRCROOT}/Pods/Target Support Files/Pods-EZDecide/Pods-EZDecide-frameworks.sh\"\n";
			showEnvVarsInLog = 0;
		};
		D10CE23458C94B2988DF43C4 /* [CP] Check Pods Manifest.lock */ = {
			isa = PBXShellScriptBuildPhase;
			buildActionMask = 2147483647;
			files = (
			);
			inputPaths = (
			);
			name = "[CP] Check Pods Manifest.lock";
			outputPaths = (
			);
			runOnlyForDeploymentPostprocessing = 0;
			shellPath = /bin/sh;
			shellScript = "diff \"${PODS_ROOT}/../Podfile.lock\" \"${PODS_ROOT}/Manifest.lock\" > /dev/null\nif [ $? != 0 ] ; then\n    # print error to STDERR\n    echo \"error: The sandbox is not in sync with the Podfile.lock. Run 'pod install' or update your CocoaPods installation.\" >&2\n    exit 1\nfi\n";
			showEnvVarsInLog = 0;
		};
		D3CCF1D200FAE1E4049E2723 /* [CP] Copy Pods Resources */ = {
			isa = PBXShellScriptBuildPhase;
			buildActionMask = 2147483647;
			files = (
			);
			inputPaths = (
			);
			name = "[CP] Copy Pods Resources";
			outputPaths = (
			);
			runOnlyForDeploymentPostprocessing = 0;
			shellPath = /bin/sh;
			shellScript = "\"${SRCROOT}/Pods/Target Support Files/Pods-EZDecide/Pods-EZDecide-resources.sh\"\n";
			showEnvVarsInLog = 0;
		};
/* End PBXShellScriptBuildPhase section */

/* Begin PBXSourcesBuildPhase section */
		262E24951E45625700CA168A /* Sources */ = {
			isa = PBXSourcesBuildPhase;
			buildActionMask = 2147483647;
			files = (
				262E24B71E458B0300CA168A /* MainViewController.swift in Sources */,
				262E24B11E4583B600CA168A /* LoginViewController.swift in Sources */,
				262E249D1E45625700CA168A /* AppDelegate.swift in Sources */,
			);
			runOnlyForDeploymentPostprocessing = 0;
		};
/* End PBXSourcesBuildPhase section */

/* Begin PBXVariantGroup section */
		262E24A01E45625700CA168A /* Main.storyboard */ = {
			isa = PBXVariantGroup;
			children = (
				262E24A11E45625700CA168A /* Base */,
			);
			name = Main.storyboard;
			sourceTree = "<group>";
		};
		262E24A51E45625700CA168A /* LaunchScreen.storyboard */ = {
			isa = PBXVariantGroup;
			children = (
				262E24A61E45625700CA168A /* Base */,
			);
			name = LaunchScreen.storyboard;
			sourceTree = "<group>";
		};
/* End PBXVariantGroup section */

/* Begin XCBuildConfiguration section */
		262E24A91E45625700CA168A /* Debug */ = {
			isa = XCBuildConfiguration;
			buildSettings = {
				ALWAYS_SEARCH_USER_PATHS = NO;
				CLANG_ANALYZER_NONNULL = YES;
				CLANG_CXX_LANGUAGE_STANDARD = "gnu++0x";
				CLANG_CXX_LIBRARY = "libc++";
				CLANG_ENABLE_MODULES = YES;
				CLANG_ENABLE_OBJC_ARC = YES;
				CLANG_WARN_BOOL_CONVERSION = YES;
				CLANG_WARN_CONSTANT_CONVERSION = YES;
				CLANG_WARN_DIRECT_OBJC_ISA_USAGE = YES_ERROR;
				CLANG_WARN_DOCUMENTATION_COMMENTS = YES;
				CLANG_WARN_EMPTY_BODY = YES;
				CLANG_WARN_ENUM_CONVERSION = YES;
				CLANG_WARN_INFINITE_RECURSION = YES;
				CLANG_WARN_INT_CONVERSION = YES;
				CLANG_WARN_OBJC_ROOT_CLASS = YES_ERROR;
				CLANG_WARN_SUSPICIOUS_MOVE = YES;
				CLANG_WARN_UNREACHABLE_CODE = YES;
				CLANG_WARN__DUPLICATE_METHOD_MATCH = YES;
				"CODE_SIGN_IDENTITY[sdk=iphoneos*]" = "iPhone Developer";
				COPY_PHASE_STRIP = NO;
				DEBUG_INFORMATION_FORMAT = dwarf;
				ENABLE_STRICT_OBJC_MSGSEND = YES;
				ENABLE_TESTABILITY = YES;
				GCC_C_LANGUAGE_STANDARD = gnu99;
				GCC_DYNAMIC_NO_PIC = NO;
				GCC_NO_COMMON_BLOCKS = YES;
				GCC_OPTIMIZATION_LEVEL = 0;
				GCC_PREPROCESSOR_DEFINITIONS = (
					"DEBUG=1",
					"$(inherited)",
				);
				GCC_WARN_64_TO_32_BIT_CONVERSION = YES;
				GCC_WARN_ABOUT_RETURN_TYPE = YES_ERROR;
				GCC_WARN_UNDECLARED_SELECTOR = YES;
				GCC_WARN_UNINITIALIZED_AUTOS = YES_AGGRESSIVE;
				GCC_WARN_UNUSED_FUNCTION = YES;
				GCC_WARN_UNUSED_VARIABLE = YES;
				IPHONEOS_DEPLOYMENT_TARGET = 10.2;
				MTL_ENABLE_DEBUG_INFO = YES;
				ONLY_ACTIVE_ARCH = YES;
				SDKROOT = iphoneos;
				SWIFT_ACTIVE_COMPILATION_CONDITIONS = DEBUG;
				SWIFT_OPTIMIZATION_LEVEL = "-Onone";
			};
			name = Debug;
		};
		262E24AA1E45625700CA168A /* Release */ = {
			isa = XCBuildConfiguration;
			buildSettings = {
				ALWAYS_SEARCH_USER_PATHS = NO;
				CLANG_ANALYZER_NONNULL = YES;
				CLANG_CXX_LANGUAGE_STANDARD = "gnu++0x";
				CLANG_CXX_LIBRARY = "libc++";
				CLANG_ENABLE_MODULES = YES;
				CLANG_ENABLE_OBJC_ARC = YES;
				CLANG_WARN_BOOL_CONVERSION = YES;
				CLANG_WARN_CONSTANT_CONVERSION = YES;
				CLANG_WARN_DIRECT_OBJC_ISA_USAGE = YES_ERROR;
				CLANG_WARN_DOCUMENTATION_COMMENTS = YES;
				CLANG_WARN_EMPTY_BODY = YES;
				CLANG_WARN_ENUM_CONVERSION = YES;
				CLANG_WARN_INFINITE_RECURSION = YES;
				CLANG_WARN_INT_CONVERSION = YES;
				CLANG_WARN_OBJC_ROOT_CLASS = YES_ERROR;
				CLANG_WARN_SUSPICIOUS_MOVE = YES;
				CLANG_WARN_UNREACHABLE_CODE = YES;
				CLANG_WARN__DUPLICATE_METHOD_MATCH = YES;
				"CODE_SIGN_IDENTITY[sdk=iphoneos*]" = "iPhone Developer";
				COPY_PHASE_STRIP = NO;
				DEBUG_INFORMATION_FORMAT = "dwarf-with-dsym";
				ENABLE_NS_ASSERTIONS = NO;
				ENABLE_STRICT_OBJC_MSGSEND = YES;
				GCC_C_LANGUAGE_STANDARD = gnu99;
				GCC_NO_COMMON_BLOCKS = YES;
				GCC_WARN_64_TO_32_BIT_CONVERSION = YES;
				GCC_WARN_ABOUT_RETURN_TYPE = YES_ERROR;
				GCC_WARN_UNDECLARED_SELECTOR = YES;
				GCC_WARN_UNINITIALIZED_AUTOS = YES_AGGRESSIVE;
				GCC_WARN_UNUSED_FUNCTION = YES;
				GCC_WARN_UNUSED_VARIABLE = YES;
				IPHONEOS_DEPLOYMENT_TARGET = 10.2;
				MTL_ENABLE_DEBUG_INFO = NO;
				SDKROOT = iphoneos;
				SWIFT_OPTIMIZATION_LEVEL = "-Owholemodule";
				VALIDATE_PRODUCT = YES;
			};
			name = Release;
		};
		262E24AC1E45625700CA168A /* Debug */ = {
			isa = XCBuildConfiguration;
			baseConfigurationReference = AB73310AE838A47C61672442 /* Pods-EZDecide.debug.xcconfig */;
			buildSettings = {
				ASSETCATALOG_COMPILER_APPICON_NAME = AppIcon;
				CLANG_ENABLE_MODULES = YES;
				CODE_SIGN_ENTITLEMENTS = EZDecide/EZDecide.entitlements;
				DEVELOPMENT_TEAM = UKTL25U66K;
				INFOPLIST_FILE = EZDecide/Info.plist;
				LD_RUNPATH_SEARCH_PATHS = "$(inherited) @executable_path/Frameworks";
				PRODUCT_BUNDLE_IDENTIFIER = us.faceapp.EZDecide;
				PRODUCT_NAME = "$(TARGET_NAME)";
				SWIFT_OBJC_BRIDGING_HEADER = "EZDecide-Bridging-Header.h";
				SWIFT_OPTIMIZATION_LEVEL = "-Onone";
				SWIFT_VERSION = 3.0;
			};
			name = Debug;
		};
		262E24AD1E45625700CA168A /* Release */ = {
			isa = XCBuildConfiguration;
			baseConfigurationReference = C5155AE3857CCE48E1037830 /* Pods-EZDecide.release.xcconfig */;
			buildSettings = {
				ASSETCATALOG_COMPILER_APPICON_NAME = AppIcon;
				CLANG_ENABLE_MODULES = YES;
				CODE_SIGN_ENTITLEMENTS = EZDecide/EZDecide.entitlements;
				DEVELOPMENT_TEAM = UKTL25U66K;
				INFOPLIST_FILE = EZDecide/Info.plist;
				LD_RUNPATH_SEARCH_PATHS = "$(inherited) @executable_path/Frameworks";
				PRODUCT_BUNDLE_IDENTIFIER = us.faceapp.EZDecide;
				PRODUCT_NAME = "$(TARGET_NAME)";
				SWIFT_OBJC_BRIDGING_HEADER = "EZDecide-Bridging-Header.h";
				SWIFT_VERSION = 3.0;
			};
			name = Release;
		};
/* End XCBuildConfiguration section */

/* Begin XCConfigurationList section */
		262E24941E45625700CA168A /* Build configuration list for PBXProject "EZDecide" */ = {
			isa = XCConfigurationList;
			buildConfigurations = (
				262E24A91E45625700CA168A /* Debug */,
				262E24AA1E45625700CA168A /* Release */,
			);
			defaultConfigurationIsVisible = 0;
			defaultConfigurationName = Release;
		};
		262E24AB1E45625700CA168A /* Build configuration list for PBXNativeTarget "EZDecide" */ = {
			isa = XCConfigurationList;
			buildConfigurations = (
				262E24AC1E45625700CA168A /* Debug */,
				262E24AD1E45625700CA168A /* Release */,
			);
			defaultConfigurationIsVisible = 0;
			defaultConfigurationName = Release;
		};
/* End XCConfigurationList section */
	};
	rootObject = 262E24911E45625700CA168A /* Project object */;
}
